{
  "name": "flipkod",
  "version": "1.0.0",
  "lockfileVersion": 1,
  "requires": true,
  "dependencies": {
    "moment": {
      "version": "2.24.0",
      "resolved": "https://registry.npmjs.org/moment/-/moment-2.24.0.tgz",
      "integrity": "sha512-bV7f+6l2QigeBBZSM/6yTNq4P2fNpSWj/0e7jQcy87A8e7o2nAfP/34/2ky5Vw4B9S446EtIhodAzkFCcR4dQg=="
    },
    "moment-timezone": {
      "version": "0.5.23",
      "resolved": "https://registry.npmjs.org/moment-timezone/-/moment-timezone-0.5.23.tgz",
      "integrity": "sha512-WHFH85DkCfiNMDX5D3X7hpNH3/PUhjTGcD0U1SgfBGZxJ3qUmJh5FdvaFjcClxOvB3rzdfj4oRffbI38jEnC1w==",
      "requires": {
        "moment": "2.24.0"
      }
    },
    "scrollmonitor": {
      "version": "1.2.4",
      "resolved": "https://registry.npmjs.org/scrollmonitor/-/scrollmonitor-1.2.4.tgz",
      "integrity": "sha512-HBQpeZVAYETbNk0DAmi+X4hdTQMk5WRa/Udez9o8yC8GcRiPDgBxyEdV9g9Su/TWOuUeVfVGfNcyboEyzkte4Q=="
    },
    "vue": {
      "version": "2.6.5",
      "resolved": "https://registry.npmjs.org/vue/-/vue-2.6.5.tgz",
      "integrity": "sha512-htb449YZnpJ5ts+JjXQHVuvH3R3dcaGBe6/ePAwtsRj4cA1FG/OI0rHDCSMs+L9ZHDzpX7ru//Usb/2R3XfQaQ=="
    }
  }
}
